
Microsoft Visual Studio Solution File, Format Version 12.00
# Visual Studio 15
VisualStudioVersion = 15.0.27004.2002
MinimumVisualStudioVersion = 10.0.40219.1
Project("{FAE04EC0-301F-11D3-BF4B-00C04F79EFBC}") = "komiwojazer", "komiwojazer\komiwojazer.csproj", "{2A1BD919-F586-4998-BDCF-7CA5F2B9DF14}"
EndProject
Global
	GlobalSection(SolutionConfigurationPlatforms) = preSolution
		Debug|Any CPU = Debug|Any CPU
		Release|Any CPU = Release|Any CPU
	EndGlobalSection
	GlobalSection(ProjectConfigurationPlatforms) = postSolution
		{2A1BD919-F586-4998-BDCF-7CA5F2B9DF14}.Debug|Any CPU.ActiveCfg = Debug|Any CPU
		{2A1BD919-F586-4998-BDCF-7CA5F2B9DF14}.Debug|Any CPU.Build.0 = Debug|Any CPU
		{2A1BD919-F586-4998-BDCF-7CA5F2B9DF14}.Release|Any CPU.ActiveCfg = Release|Any CPU
		{2A1BD919-F586-4998-BDCF-7CA5F2B9DF14}.Release|Any CPU.Build.0 = Release|Any CPU
	EndGlobalSection
	GlobalSection(SolutionProperties) = preSolution
		HideSolutionNode = FALSE
	EndGlobalSection
	GlobalSection(ExtensibilityGlobals) = postSolution
		SolutionGuid = {E5F3147E-64BA-4803-9B6F-0C7C5D724A92}
	EndGlobalSection
EndGlobal
